// !$*UTF8*$!
{
	archiveVersion = 1;
	classes = {
	};
	objectVersion = 56;
	objects = {

/* Begin PBXBuildFile section */
		2A12201F2A94C61100218893 /* AppFeature in Frameworks */ = {isa = PBXBuildFile; productRef = 2A12201E2A94C61100218893 /* AppFeature */; };
		2A1220212A94C61100218893 /* CalculatorLive in Frameworks */ = {isa = PBXBuildFile; productRef = 2A1220202A94C61100218893 /* CalculatorLive */; };
		2A1220362A94C8A600218893 /* Bitkey_Project_ConfigApp.swift in Sources */ = {isa = PBXBuildFile; fileRef = 2A6EF9E32A948F6E00ACED83 /* Bitkey_Project_ConfigApp.swift */; };
		2A1220372A94C8A600218893 /* ContentView.swift in Sources */ = {isa = PBXBuildFile; fileRef = 2A6EF9E52A948F6E00ACED83 /* ContentView.swift */; };
		2A1220392A94C8AC00218893 /* AppFeature in Frameworks */ = {isa = PBXBuildFile; productRef = 2A1220382A94C8AC00218893 /* AppFeature */; };
		2A12203A2A94C8B200218893 /* Assets.xcassets in Resources */ = {isa = PBXBuildFile; fileRef = 2A6EF9E72A948F7000ACED83 /* Assets.xcassets */; };
		2A12203B2A94C8B200218893 /* Preview Assets.xcassets in Resources */ = {isa = PBXBuildFile; fileRef = 2A6EF9EA2A948F7000ACED83 /* Preview Assets.xcassets */; };
		2A6EF9E42A948F6E00ACED83 /* Bitkey_Project_ConfigApp.swift in Sources */ = {isa = PBXBuildFile; fileRef = 2A6EF9E32A948F6E00ACED83 /* Bitkey_Project_ConfigApp.swift */; };
		2A6EF9E62A948F6E00ACED83 /* ContentView.swift in Sources */ = {isa = PBXBuildFile; fileRef = 2A6EF9E52A948F6E00ACED83 /* ContentView.swift */; };
		2A6EF9E82A948F7000ACED83 /* Assets.xcassets in Resources */ = {isa = PBXBuildFile; fileRef = 2A6EF9E72A948F7000ACED83 /* Assets.xcassets */; };
		2A6EF9EB2A948F7000ACED83 /* Preview Assets.xcassets in Resources */ = {isa = PBXBuildFile; fileRef = 2A6EF9EA2A948F7000ACED83 /* Preview Assets.xcassets */; };
/* End PBXBuildFile section */

/* Begin PBXFileReference section */
		2A1220222A94C73300218893 /* SampleCode.xcconfig */ = {isa = PBXFileReference; lastKnownFileType = text.xcconfig; path = SampleCode.xcconfig; sourceTree = "<group>"; };
		2A1220282A94C84100218893 /* No Link Target.app */ = {isa = PBXFileReference; explicitFileType = wrapper.application; includeInIndex = 0; path = "No Link Target.app"; sourceTree = BUILT_PRODUCTS_DIR; };
		2A12203C2A94C9CC00218893 /* tests.xctestplan */ = {isa = PBXFileReference; lastKnownFileType = text; path = tests.xctestplan; sourceTree = "<group>"; };
		2A12203D2A94D1BD00218893 /* LICENSE.txt */ = {isa = PBXFileReference; lastKnownFileType = text; path = LICENSE.txt; sourceTree = SOURCE_ROOT; };
		2A12203F2A94D45600218893 /* README.md */ = {isa = PBXFileReference; lastKnownFileType = net.daringfireball.markdown; path = README.md; sourceTree = SOURCE_ROOT; };
		2A6EF9E02A948F6E00ACED83 /* Bitkey Project Config.app */ = {isa = PBXFileReference; explicitFileType = wrapper.application; includeInIndex = 0; path = "Bitkey Project Config.app"; sourceTree = BUILT_PRODUCTS_DIR; };
		2A6EF9E32A948F6E00ACED83 /* Bitkey_Project_ConfigApp.swift */ = {isa = PBXFileReference; lastKnownFileType = sourcecode.swift; path = Bitkey_Project_ConfigApp.swift; sourceTree = "<group>"; };
		2A6EF9E52A948F6E00ACED83 /* ContentView.swift */ = {isa = PBXFileReference; lastKnownFileType = sourcecode.swift; path = ContentView.swift; sourceTree = "<group>"; };
		2A6EF9E72A948F7000ACED83 /* Assets.xcassets */ = {isa = PBXFileReference; lastKnownFileType = folder.assetcatalog; path = Assets.xcassets; sourceTree = "<group>"; };
		2A6EF9EA2A948F7000ACED83 /* Preview Assets.xcassets */ = {isa = PBXFileReference; lastKnownFileType = folder.assetcatalog; path = "Preview Assets.xcassets"; sourceTree = "<group>"; };
		2A6EF9F12A948FA800ACED83 /* Internal */ = {isa = PBXFileReference; lastKnownFileType = wrapper; path = Internal; sourceTree = "<group>"; };
/* End PBXFileReference section */

/* Begin PBXFrameworksBuildPhase section */
		2A1220252A94C84100218893 /* Frameworks */ = {
			isa = PBXFrameworksBuildPhase;
			buildActionMask = 2147483647;
			files = (
				2A1220392A94C8AC00218893 /* AppFeature in Frameworks */,
			);
			runOnlyForDeploymentPostprocessing = 0;
		};
		2A6EF9DD2A948F6E00ACED83 /* Frameworks */ = {
			isa = PBXFrameworksBuildPhase;
			buildActionMask = 2147483647;
			files = (
				2A1220212A94C61100218893 /* CalculatorLive in Frameworks */,
				2A12201F2A94C61100218893 /* AppFeature in Frameworks */,
			);
			runOnlyForDeploymentPostprocessing = 0;
		};
/* End PBXFrameworksBuildPhase section */

/* Begin PBXGroup section */
		2A12201D2A94C61100218893 /* Frameworks */ = {
			isa = PBXGroup;
			children = (
			);
			name = Frameworks;
			sourceTree = "<group>";
		};
		2A6EF9D72A948F6E00ACED83 = {
			isa = PBXGroup;
			children = (
				2A12203C2A94C9CC00218893 /* tests.xctestplan */,
				2A6EF9F12A948FA800ACED83 /* Internal */,
				2A6EF9E22A948F6E00ACED83 /* Bitkey Project Config */,
				2A6EF9E12A948F6E00ACED83 /* Products */,
				2A12201D2A94C61100218893 /* Frameworks */,
			);
			sourceTree = "<group>";
		};
		2A6EF9E12A948F6E00ACED83 /* Products */ = {
			isa = PBXGroup;
			children = (
				2A6EF9E02A948F6E00ACED83 /* Bitkey Project Config.app */,
				2A1220282A94C84100218893 /* No Link Target.app */,
			);
			name = Products;
			sourceTree = "<group>";
		};
		2A6EF9E22A948F6E00ACED83 /* Bitkey Project Config */ = {
			isa = PBXGroup;
			children = (
				2A6EF9E32A948F6E00ACED83 /* Bitkey_Project_ConfigApp.swift */,
				2A6EF9E52A948F6E00ACED83 /* ContentView.swift */,
				2A12203D2A94D1BD00218893 /* LICENSE.txt */,
				2A12203F2A94D45600218893 /* README.md */,
				2A6EF9E72A948F7000ACED83 /* Assets.xcassets */,
				2A6EF9E92A948F7000ACED83 /* Preview Content */,
				2A1220222A94C73300218893 /* SampleCode.xcconfig */,
			);
			path = "Bitkey Project Config";
			sourceTree = "<group>";
		};
		2A6EF9E92A948F7000ACED83 /* Preview Content */ = {
			isa = PBXGroup;
			children = (
				2A6EF9EA2A948F7000ACED83 /* Preview Assets.xcassets */,
			);
			path = "Preview Content";
			sourceTree = "<group>";
		};
/* End PBXGroup section */

/* Begin PBXNativeTarget section */
		2A1220272A94C84100218893 /* No Link Target */ = {
			isa = PBXNativeTarget;
			buildConfigurationList = 2A1220332A94C84200218893 /* Build configuration list for PBXNativeTarget "No Link Target" */;
			buildPhases = (
				2A1220242A94C84100218893 /* Sources */,
				2A1220252A94C84100218893 /* Frameworks */,
				2A1220262A94C84100218893 /* Resources */,
			);
			buildRules = (
			);
			dependencies = (
			);
			name = "No Link Target";
			packageProductDependencies = (
				2A1220382A94C8AC00218893 /* AppFeature */,
			);
			productName = "No Link Target";
			productReference = 2A1220282A94C84100218893 /* No Link Target.app */;
			productType = "com.apple.product-type.application";
		};
		2A6EF9DF2A948F6E00ACED83 /* Bitkey Project Config */ = {
			isa = PBXNativeTarget;
			buildConfigurationList = 2A6EF9EE2A948F7000ACED83 /* Build configuration list for PBXNativeTarget "Bitkey Project Config" */;
			buildPhases = (
				2A6EF9DC2A948F6E00ACED83 /* Sources */,
				2A6EF9DD2A948F6E00ACED83 /* Frameworks */,
				2A6EF9DE2A948F6E00ACED83 /* Resources */,
			);
			buildRules = (
			);
			dependencies = (
			);
			name = "Bitkey Project Config";
			packageProductDependencies = (
				2A12201E2A94C61100218893 /* AppFeature */,
				2A1220202A94C61100218893 /* CalculatorLive */,
			);
			productName = "Bitkey Project Config";
			productReference = 2A6EF9E02A948F6E00ACED83 /* Bitkey Project Config.app */;
			productType = "com.apple.product-type.application";
		};
/* End PBXNativeTarget section */

/* Begin PBXProject section */
		2A6EF9D82A948F6E00ACED83 /* Project object */ = {
			isa = PBXProject;
			attributes = {
				BuildIndependentTargetsInParallel = 1;
				LastSwiftUpdateCheck = 1430;
				LastUpgradeCheck = 1500;
				TargetAttributes = {
					2A1220272A94C84100218893 = {
						CreatedOnToolsVersion = 14.3.1;
					};
					2A6EF9DF2A948F6E00ACED83 = {
						CreatedOnToolsVersion = 15.0;
					};
				};
			};
			buildConfigurationList = 2A6EF9DB2A948F6E00ACED83 /* Build configuration list for PBXProject "Bitkey Project Config" */;
			compatibilityVersion = "Xcode 14.0";
			developmentRegion = en;
			hasScannedForEncodings = 0;
			knownRegions = (
				en,
				Base,
			);
			mainGroup = 2A6EF9D72A948F6E00ACED83;
			productRefGroup = 2A6EF9E12A948F6E00ACED83 /* Products */;
			projectDirPath = "";
			projectRoot = "";
			targets = (
				2A6EF9DF2A948F6E00ACED83 /* Bitkey Project Config */,
				2A1220272A94C84100218893 /* No Link Target */,
			);
		};
/* End PBXProject section */

/* Begin PBXResourcesBuildPhase section */
		2A1220262A94C84100218893 /* Resources */ = {
			isa = PBXResourcesBuildPhase;
			buildActionMask = 2147483647;
			files = (
				2A12203A2A94C8B200218893 /* Assets.xcassets in Resources */,
				2A12203B2A94C8B200218893 /* Preview Assets.xcassets in Resources */,
			);
			runOnlyForDeploymentPostprocessing = 0;
		};
		2A6EF9DE2A948F6E00ACED83 /* Resources */ = {
			isa = PBXResourcesBuildPhase;
			buildActionMask = 2147483647;
			files = (
				2A6EF9EB2A948F7000ACED83 /* Preview Assets.xcassets in Resources */,
				2A6EF9E82A948F7000ACED83 /* Assets.xcassets in Resources */,
			);
			runOnlyForDeploymentPostprocessing = 0;
		};
/* End PBXResourcesBuildPhase section */

/* Begin PBXSourcesBuildPhase section */
		2A1220242A94C84100218893 /* Sources */ = {
			isa = PBXSourcesBuildPhase;
			buildActionMask = 2147483647;
			files = (
				2A1220362A94C8A600218893 /* Bitkey_Project_ConfigApp.swift in Sources */,
				2A1220372A94C8A600218893 /* ContentView.swift in Sources */,
			);
			runOnlyForDeploymentPostprocessing = 0;
		};
		2A6EF9DC2A948F6E00ACED83 /* Sources */ = {
			isa = PBXSourcesBuildPhase;
			buildActionMask = 2147483647;
			files = (
				2A6EF9E62A948F6E00ACED83 /* ContentView.swift in Sources */,
				2A6EF9E42A948F6E00ACED83 /* Bitkey_Project_ConfigApp.swift in Sources */,
			);
			runOnlyForDeploymentPostprocessing = 0;
		};
/* End PBXSourcesBuildPhase section */

/* Begin XCBuildConfiguration section */
		2A1220342A94C84200218893 /* Debug */ = {
			isa = XCBuildConfiguration;
			buildSettings = {
				ASSETCATALOG_COMPILER_APPICON_NAME = AppIcon;
				ASSETCATALOG_COMPILER_GLOBAL_ACCENT_COLOR_NAME = AccentColor;
				CODE_SIGN_STYLE = Automatic;
				CURRENT_PROJECT_VERSION = 1;
				DEVELOPMENT_ASSET_PATHS = "\"Bitkey Project Config/Preview Content\"";
				ENABLE_PREVIEWS = YES;
				GCC_C_LANGUAGE_STANDARD = gnu11;
				GENERATE_INFOPLIST_FILE = YES;
				INFOPLIST_KEY_UIApplicationSceneManifest_Generation = YES;
				INFOPLIST_KEY_UIApplicationSupportsIndirectInputEvents = YES;
				INFOPLIST_KEY_UILaunchScreen_Generation = YES;
				INFOPLIST_KEY_UISupportedInterfaceOrientations_iPad = "UIInterfaceOrientationPortrait UIInterfaceOrientationPortraitUpsideDown UIInterfaceOrientationLandscapeLeft UIInterfaceOrientationLandscapeRight";
				INFOPLIST_KEY_UISupportedInterfaceOrientations_iPhone = "UIInterfaceOrientationPortrait UIInterfaceOrientationLandscapeLeft UIInterfaceOrientationLandscapeRight";
				IPHONEOS_DEPLOYMENT_TARGET = 16.4;
				LD_RUNPATH_SEARCH_PATHS = (
					"$(inherited)",
					"@executable_path/Frameworks",
				);
				MARKETING_VERSION = 1.0;
				PRODUCT_BUNDLE_IDENTIFIER = "com.example.No-Link-Target-Bitkey-Project-Config${SAMPLE_CODE_DISAMBIGUATOR}";
				PRODUCT_NAME = "$(TARGET_NAME)";
				SWIFT_ACTIVE_COMPILATION_CONDITIONS = DEBUG;
				SWIFT_EMIT_LOC_STRINGS = YES;
				SWIFT_VERSION = 5.0;
				TARGETED_DEVICE_FAMILY = "1,2";
			};
			name = Debug;
		};
		2A1220352A94C84200218893 /* Release */ = {
			isa = XCBuildConfiguration;
			buildSettings = {
				ASSETCATALOG_COMPILER_APPICON_NAME = AppIcon;
				ASSETCATALOG_COMPILER_GLOBAL_ACCENT_COLOR_NAME = AccentColor;
				CODE_SIGN_STYLE = Automatic;
				CURRENT_PROJECT_VERSION = 1;
				DEVELOPMENT_ASSET_PATHS = "\"Bitkey Project Config/Preview Content\"";
				ENABLE_PREVIEWS = YES;
				GCC_C_LANGUAGE_STANDARD = gnu11;
				GENERATE_INFOPLIST_FILE = YES;
				INFOPLIST_KEY_UIApplicationSceneManifest_Generation = YES;
				INFOPLIST_KEY_UIApplicationSupportsIndirectInputEvents = YES;
				INFOPLIST_KEY_UILaunchScreen_Generation = YES;
				INFOPLIST_KEY_UISupportedInterfaceOrientations_iPad = "UIInterfaceOrientationPortrait UIInterfaceOrientationPortraitUpsideDown UIInterfaceOrientationLandscapeLeft UIInterfaceOrientationLandscapeRight";
				INFOPLIST_KEY_UISupportedInterfaceOrientations_iPhone = "UIInterfaceOrientationPortrait UIInterfaceOrientationLandscapeLeft UIInterfaceOrientationLandscapeRight";
				IPHONEOS_DEPLOYMENT_TARGET = 16.4;
				LD_RUNPATH_SEARCH_PATHS = (
					"$(inherited)",
					"@executable_path/Frameworks",
				);
				MARKETING_VERSION = 1.0;
				PRODUCT_BUNDLE_IDENTIFIER = "com.example.No-Link-Target-Bitkey-Project-Config${SAMPLE_CODE_DISAMBIGUATOR}";
				PRODUCT_NAME = "$(TARGET_NAME)";
				SWIFT_EMIT_LOC_STRINGS = YES;
				SWIFT_OPTIMIZATION_LEVEL = "-O";
				SWIFT_VERSION = 5.0;
				TARGETED_DEVICE_FAMILY = "1,2";
			};
			name = Release;
		};
		2A6EF9EC2A948F7000ACED83 /* Debug */ = {
			isa = XCBuildConfiguration;
			buildSettings = {
				ALWAYS_SEARCH_USER_PATHS = NO;
				ASSETCATALOG_COMPILER_GENERATE_SWIFT_ASSET_SYMBOL_EXTENSIONS = YES;
				CLANG_ANALYZER_NONNULL = YES;
				CLANG_ANALYZER_NUMBER_OBJECT_CONVERSION = YES_AGGRESSIVE;
				CLANG_CXX_LANGUAGE_STANDARD = "gnu++20";
				CLANG_ENABLE_MODULES = YES;
				CLANG_ENABLE_OBJC_ARC = YES;
				CLANG_ENABLE_OBJC_WEAK = YES;
				CLANG_WARN_BLOCK_CAPTURE_AUTORELEASING = YES;
				CLANG_WARN_BOOL_CONVERSION = YES;
				CLANG_WARN_COMMA = YES;
				CLANG_WARN_CONSTANT_CONVERSION = YES;
				CLANG_WARN_DEPRECATED_OBJC_IMPLEMENTATIONS = YES;
				CLANG_WARN_DIRECT_OBJC_ISA_USAGE = YES_ERROR;
				CLANG_WARN_DOCUMENTATION_COMMENTS = YES;
				CLANG_WARN_EMPTY_BODY = YES;
				CLANG_WARN_ENUM_CONVERSION = YES;
				CLANG_WARN_INFINITE_RECURSION = YES;
				CLANG_WARN_INT_CONVERSION = YES;
				CLANG_WARN_NON_LITERAL_NULL_CONVERSION = YES;
				CLANG_WARN_OBJC_IMPLICIT_RETAIN_SELF = YES;
				CLANG_WARN_OBJC_LITERAL_CONVERSION = YES;
				CLANG_WARN_OBJC_ROOT_CLASS = YES_ERROR;
				CLANG_WARN_QUOTED_INCLUDE_IN_FRAMEWORK_HEADER = YES;
				CLANG_WARN_RANGE_LOOP_ANALYSIS = YES;
				CLANG_WARN_STRICT_PROTOTYPES = YES;
				CLANG_WARN_SUSPICIOUS_MOVE = YES;
				CLANG_WARN_UNGUARDED_AVAILABILITY = YES_AGGRESSIVE;
				CLANG_WARN_UNREACHABLE_CODE = YES;
				CLANG_WARN__DUPLICATE_METHOD_MATCH = YES;
				COPY_PHASE_STRIP = NO;
				DEBUG_INFORMATION_FORMAT = dwarf;
				ENABLE_STRICT_OBJC_MSGSEND = YES;
				ENABLE_TESTABILITY = YES;
				ENABLE_USER_SCRIPT_SANDBOXING = YES;
				GCC_C_LANGUAGE_STANDARD = gnu17;
				GCC_DYNAMIC_NO_PIC = NO;
				GCC_NO_COMMON_BLOCKS = YES;
				GCC_OPTIMIZATION_LEVEL = 0;
				GCC_PREPROCESSOR_DEFINITIONS = (
					"DEBUG=1",
					"$(inherited)",
				);
				GCC_WARN_64_TO_32_BIT_CONVERSION = YES;
				GCC_WARN_ABOUT_RETURN_TYPE = YES_ERROR;
				GCC_WARN_UNDECLARED_SELECTOR = YES;
				GCC_WARN_UNINITIALIZED_AUTOS = YES_AGGRESSIVE;
				GCC_WARN_UNUSED_FUNCTION = YES;
				GCC_WARN_UNUSED_VARIABLE = YES;
				IPHONEOS_DEPLOYMENT_TARGET = 17.0;
				LOCALIZATION_PREFERS_STRING_CATALOGS = YES;
				MTL_ENABLE_DEBUG_INFO = INCLUDE_SOURCE;
				MTL_FAST_MATH = YES;
				ONLY_ACTIVE_ARCH = YES;
				SDKROOT = iphoneos;
				SWIFT_ACTIVE_COMPILATION_CONDITIONS = "DEBUG $(inherited)";
				SWIFT_OPTIMIZATION_LEVEL = "-Onone";
			};
			name = Debug;
		};
		2A6EF9ED2A948F7000ACED83 /* Release */ = {
			isa = XCBuildConfiguration;
			buildSettings = {
				ALWAYS_SEARCH_USER_PATHS = NO;
				ASSETCATALOG_COMPILER_GENERATE_SWIFT_ASSET_SYMBOL_EXTENSIONS = YES;
				CLANG_ANALYZER_NONNULL = YES;
				CLANG_ANALYZER_NUMBER_OBJECT_CONVERSION = YES_AGGRESSIVE;
				CLANG_CXX_LANGUAGE_STANDARD = "gnu++20";
				CLANG_ENABLE_MODULES = YES;
				CLANG_ENABLE_OBJC_ARC = YES;
				CLANG_ENABLE_OBJC_WEAK = YES;
				CLANG_WARN_BLOCK_CAPTURE_AUTORELEASING = YES;
				CLANG_WARN_BOOL_CONVERSION = YES;
				CLANG_WARN_COMMA = YES;
				CLANG_WARN_CONSTANT_CONVERSION = YES;
				CLANG_WARN_DEPRECATED_OBJC_IMPLEMENTATIONS = YES;
				CLANG_WARN_DIRECT_OBJC_ISA_USAGE = YES_ERROR;
				CLANG_WARN_DOCUMENTATION_COMMENTS = YES;
				CLANG_WARN_EMPTY_BODY = YES;
				CLANG_WARN_ENUM_CONVERSION = YES;
				CLANG_WARN_INFINITE_RECURSION = YES;
				CLANG_WARN_INT_CONVERSION = YES;
				CLANG_WARN_NON_LITERAL_NULL_CONVERSION = YES;
				CLANG_WARN_OBJC_IMPLICIT_RETAIN_SELF = YES;
				CLANG_WARN_OBJC_LITERAL_CONVERSION = YES;
				CLANG_WARN_OBJC_ROOT_CLASS = YES_ERROR;
				CLANG_WARN_QUOTED_INCLUDE_IN_FRAMEWORK_HEADER = YES;
				CLANG_WARN_RANGE_LOOP_ANALYSIS = YES;
				CLANG_WARN_STRICT_PROTOTYPES = YES;
				CLANG_WARN_SUSPICIOUS_MOVE = YES;
				CLANG_WARN_UNGUARDED_AVAILABILITY = YES_AGGRESSIVE;
				CLANG_WARN_UNREACHABLE_CODE = YES;
				CLANG_WARN__DUPLICATE_METHOD_MATCH = YES;
				COPY_PHASE_STRIP = NO;
				DEBUG_INFORMATION_FORMAT = "dwarf-with-dsym";
				ENABLE_NS_ASSERTIONS = NO;
				ENABLE_STRICT_OBJC_MSGSEND = YES;
				ENABLE_USER_SCRIPT_SANDBOXING = YES;
				GCC_C_LANGUAGE_STANDARD = gnu17;
				GCC_NO_COMMON_BLOCKS = YES;
				GCC_WARN_64_TO_32_BIT_CONVERSION = YES;
				GCC_WARN_ABOUT_RETURN_TYPE = YES_ERROR;
				GCC_WARN_UNDECLARED_SELECTOR = YES;
				GCC_WARN_UNINITIALIZED_AUTOS = YES_AGGRESSIVE;
				GCC_WARN_UNUSED_FUNCTION = YES;
				GCC_WARN_UNUSED_VARIABLE = YES;
				IPHONEOS_DEPLOYMENT_TARGET = 17.0;
				LOCALIZATION_PREFERS_STRING_CATALOGS = YES;
				MTL_ENABLE_DEBUG_INFO = NO;
				MTL_FAST_MATH = YES;
				SDKROOT = iphoneos;
				SWIFT_COMPILATION_MODE = wholemodule;
				VALIDATE_PRODUCT = YES;
			};
			name = Release;
		};
		2A6EF9EF2A948F7000ACED83 /* Debug */ = {
			isa = XCBuildConfiguration;
			baseConfigurationReference = 2A1220222A94C73300218893 /* SampleCode.xcconfig */;
			buildSettings = {
				ASSETCATALOG_COMPILER_APPICON_NAME = AppIcon;
				ASSETCATALOG_COMPILER_GLOBAL_ACCENT_COLOR_NAME = AccentColor;
				CODE_SIGN_STYLE = Automatic;
				CURRENT_PROJECT_VERSION = 1;
				DEVELOPMENT_ASSET_PATHS = "\"Bitkey Project Config/Preview Content\"";
				DEVELOPMENT_TEAM = "";
				ENABLE_PREVIEWS = YES;
				GENERATE_INFOPLIST_FILE = YES;
				INFOPLIST_KEY_UIApplicationSceneManifest_Generation = YES;
				INFOPLIST_KEY_UIApplicationSupportsIndirectInputEvents = YES;
				INFOPLIST_KEY_UILaunchScreen_Generation = YES;
				INFOPLIST_KEY_UISupportedInterfaceOrientations_iPad = "UIInterfaceOrientationPortrait UIInterfaceOrientationPortraitUpsideDown UIInterfaceOrientationLandscapeLeft UIInterfaceOrientationLandscapeRight";
				INFOPLIST_KEY_UISupportedInterfaceOrientations_iPhone = "UIInterfaceOrientationPortrait UIInterfaceOrientationLandscapeLeft UIInterfaceOrientationLandscapeRight";
				IPHONEOS_DEPLOYMENT_TARGET = 16.0;
				LD_RUNPATH_SEARCH_PATHS = (
					"$(inherited)",
					"@executable_path/Frameworks",
				);
				MARKETING_VERSION = 1.0;
				PRODUCT_BUNDLE_IDENTIFIER = "com.example.Bitkey-Project-Config${SAMPLE_CODE_DISAMBIGUATOR}";
				PRODUCT_NAME = "$(TARGET_NAME)";
				SWIFT_EMIT_LOC_STRINGS = YES;
				SWIFT_VERSION = 5.0;
				TARGETED_DEVICE_FAMILY = "1,2";
			};
			name = Debug;
		};
		2A6EF9F02A948F7000ACED83 /* Release */ = {
			isa = XCBuildConfiguration;
			baseConfigurationReference = 2A1220222A94C73300218893 /* SampleCode.xcconfig */;
			buildSettings = {
				ASSETCATALOG_COMPILER_APPICON_NAME = AppIcon;
				ASSETCATALOG_COMPILER_GLOBAL_ACCENT_COLOR_NAME = AccentColor;
				CODE_SIGN_STYLE = Automatic;
				CURRENT_PROJECT_VERSION = 1;
				DEVELOPMENT_ASSET_PATHS = "\"Bitkey Project Config/Preview Content\"";
				DEVELOPMENT_TEAM = "";
				ENABLE_PREVIEWS = YES;
				GENERATE_INFOPLIST_FILE = YES;
				INFOPLIST_KEY_UIApplicationSceneManifest_Generation = YES;
				INFOPLIST_KEY_UIApplicationSupportsIndirectInputEvents = YES;
				INFOPLIST_KEY_UILaunchScreen_Generation = YES;
				INFOPLIST_KEY_UISupportedInterfaceOrientations_iPad = "UIInterfaceOrientationPortrait UIInterfaceOrientationPortraitUpsideDown UIInterfaceOrientationLandscapeLeft UIInterfaceOrientationLandscapeRight";
				INFOPLIST_KEY_UISupportedInterfaceOrientations_iPhone = "UIInterfaceOrientationPortrait UIInterfaceOrientationLandscapeLeft UIInterfaceOrientationLandscapeRight";
				IPHONEOS_DEPLOYMENT_TARGET = 16.0;
				LD_RUNPATH_SEARCH_PATHS = (
					"$(inherited)",
					"@executable_path/Frameworks",
				);
				MARKETING_VERSION = 1.0;
				PRODUCT_BUNDLE_IDENTIFIER = "com.example.Bitkey-Project-Config${SAMPLE_CODE_DISAMBIGUATOR}";
				PRODUCT_NAME = "$(TARGET_NAME)";
				SWIFT_EMIT_LOC_STRINGS = YES;
				SWIFT_VERSION = 5.0;
				TARGETED_DEVICE_FAMILY = "1,2";
			};
			name = Release;
		};
/* End XCBuildConfiguration section */

/* Begin XCConfigurationList section */
		2A1220332A94C84200218893 /* Build configuration list for PBXNativeTarget "No Link Target" */ = {
			isa = XCConfigurationList;
			buildConfigurations = (
				2A1220342A94C84200218893 /* Debug */,
				2A1220352A94C84200218893 /* Release */,
			);
			defaultConfigurationIsVisible = 0;
			defaultConfigurationName = Release;
		};
		2A6EF9DB2A948F6E00ACED83 /* Build configuration list for PBXProject "Bitkey Project Config" */ = {
			isa = XCConfigurationList;
			buildConfigurations = (
				2A6EF9EC2A948F7000ACED83 /* Debug */,
				2A6EF9ED2A948F7000ACED83 /* Release */,
			);
			defaultConfigurationIsVisible = 0;
			defaultConfigurationName = Release;
		};
		2A6EF9EE2A948F7000ACED83 /* Build configuration list for PBXNativeTarget "Bitkey Project Config" */ = {
			isa = XCConfigurationList;
			buildConfigurations = (
				2A6EF9EF2A948F7000ACED83 /* Debug */,
				2A6EF9F02A948F7000ACED83 /* Release */,
			);
			defaultConfigurationIsVisible = 0;
			defaultConfigurationName = Release;
		};
/* End XCConfigurationList section */

/* Begin XCSwiftPackageProductDependency section */
		2A12201E2A94C61100218893 /* AppFeature */ = {
			isa = XCSwiftPackageProductDependency;
			productName = AppFeature;
		};
		2A1220202A94C61100218893 /* CalculatorLive */ = {
			isa = XCSwiftPackageProductDependency;
			productName = CalculatorLive;
		};
		2A1220382A94C8AC00218893 /* AppFeature */ = {
			isa = XCSwiftPackageProductDependency;
			productName = AppFeature;
		};
/* End XCSwiftPackageProductDependency section */
	};
	rootObject = 2A6EF9D82A948F6E00ACED83 /* Project object */;
}
